
Microsoft Visual Studio Solution File, Format Version 12.00
# Visual Studio Version 16
VisualStudioVersion = 16.0.31313.79
MinimumVisualStudioVersion = 10.0.40219.1
Project("{FAE04EC0-301F-11D3-BF4B-00C04F79EFBC}") = "ToDoMobile.Android", "ToDoMobile\ToDoMobile.Android\ToDoMobile.Android.csproj", "{72B8F2A3-2FE4-4E2F-A264-FBC396A5D1BC}"
EndProject
Project("{FAE04EC0-301F-11D3-BF4B-00C04F79EFBC}") = "ToDoMobile.iOS", "ToDoMobile\ToDoMobile.iOS\ToDoMobile.iOS.csproj", "{60E8D330-8025-44EA-91AA-0EDE57ED4361}"
EndProject
Project("{FAE04EC0-301F-11D3-BF4B-00C04F79EFBC}") = "ToDoMobile", "ToDoMobile\ToDoMobile\ToDoMobile.csproj", "{77FF62BD-F19C-4FAF-84F7-3871E56C89F3}"
EndProject
Global
	GlobalSection(SolutionConfigurationPlatforms) = preSolution
		Debug|Any CPU = Debug|Any CPU
		Debug|iPhone = Debug|iPhone
		Debug|iPhoneSimulator = Debug|iPhoneSimulator
		Release|Any CPU = Release|Any CPU
		Release|iPhone = Release|iPhone
		Release|iPhoneSimulator = Release|iPhoneSimulator
	EndGlobalSection
	GlobalSection(ProjectConfigurationPlatforms) = postSolution
		{72B8F2A3-2FE4-4E2F-A264-FBC396A5D1BC}.Debug|Any CPU.ActiveCfg = Debug|Any CPU
		{72B8F2A3-2FE4-4E2F-A264-FBC396A5D1BC}.Debug|Any CPU.Build.0 = Debug|Any CPU
		{72B8F2A3-2FE4-4E2F-A264-FBC396A5D1BC}.Debug|Any CPU.Deploy.0 = Debug|Any CPU
		{72B8F2A3-2FE4-4E2F-A264-FBC396A5D1BC}.Debug|iPhone.ActiveCfg = Debug|Any CPU
		{72B8F2A3-2FE4-4E2F-A264-FBC396A5D1BC}.Debug|iPhone.Build.0 = Debug|Any CPU
		{72B8F2A3-2FE4-4E2F-A264-FBC396A5D1BC}.Debug|iPhone.Deploy.0 = Debug|Any CPU
		{72B8F2A3-2FE4-4E2F-A264-FBC396A5D1BC}.Debug|iPhoneSimulator.ActiveCfg = Debug|Any CPU
		{72B8F2A3-2FE4-4E2F-A264-FBC396A5D1BC}.Debug|iPhoneSimulator.Build.0 = Debug|Any CPU
		{72B8F2A3-2FE4-4E2F-A264-FBC396A5D1BC}.Debug|iPhoneSimulator.Deploy.0 = Debug|Any CPU
		{72B8F2A3-2FE4-4E2F-A264-FBC396A5D1BC}.Release|Any CPU.ActiveCfg = Release|Any CPU
		{72B8F2A3-2FE4-4E2F-A264-FBC396A5D1BC}.Release|Any CPU.Build.0 = Release|Any CPU
		{72B8F2A3-2FE4-4E2F-A264-FBC396A5D1BC}.Release|Any CPU.Deploy.0 = Release|Any CPU
		{72B8F2A3-2FE4-4E2F-A264-FBC396A5D1BC}.Release|iPhone.ActiveCfg = Release|Any CPU
		{72B8F2A3-2FE4-4E2F-A264-FBC396A5D1BC}.Release|iPhone.Build.0 = Release|Any CPU
		{72B8F2A3-2FE4-4E2F-A264-FBC396A5D1BC}.Release|iPhone.Deploy.0 = Release|Any CPU
		{72B8F2A3-2FE4-4E2F-A264-FBC396A5D1BC}.Release|iPhoneSimulator.ActiveCfg = Release|Any CPU
		{72B8F2A3-2FE4-4E2F-A264-FBC396A5D1BC}.Release|iPhoneSimulator.Build.0 = Release|Any CPU
		{72B8F2A3-2FE4-4E2F-A264-FBC396A5D1BC}.Release|iPhoneSimulator.Deploy.0 = Release|Any CPU
		{60E8D330-8025-44EA-91AA-0EDE57ED4361}.Debug|Any CPU.ActiveCfg = Debug|iPhone
		{60E8D330-8025-44EA-91AA-0EDE57ED4361}.Debug|Any CPU.Build.0 = Debug|iPhone
		{60E8D330-8025-44EA-91AA-0EDE57ED4361}.Debug|Any CPU.Deploy.0 = Debug|iPhone
		{60E8D330-8025-44EA-91AA-0EDE57ED4361}.Debug|iPhone.ActiveCfg = Debug|iPhone
		{60E8D330-8025-44EA-91AA-0EDE57ED4361}.Debug|iPhone.Build.0 = Debug|iPhone
		{60E8D330-8025-44EA-91AA-0EDE57ED4361}.Debug|iPhone.Deploy.0 = Debug|iPhone
		{60E8D330-8025-44EA-91AA-0EDE57ED4361}.Debug|iPhoneSimulator.ActiveCfg = Debug|iPhoneSimulator
		{60E8D330-8025-44EA-91AA-0EDE57ED4361}.Debug|iPhoneSimulator.Build.0 = Debug|iPhoneSimulator
		{60E8D330-8025-44EA-91AA-0EDE57ED4361}.Debug|iPhoneSimulator.Deploy.0 = Debug|iPhoneSimulator
		{60E8D330-8025-44EA-91AA-0EDE57ED4361}.Release|Any CPU.ActiveCfg = Release|iPhoneSimulator
		{60E8D330-8025-44EA-91AA-0EDE57ED4361}.Release|Any CPU.Build.0 = Release|iPhoneSimulator
		{60E8D330-8025-44EA-91AA-0EDE57ED4361}.Release|Any CPU.Deploy.0 = Release|iPhoneSimulator
		{60E8D330-8025-44EA-91AA-0EDE57ED4361}.Release|iPhone.ActiveCfg = Release|iPhone
		{60E8D330-8025-44EA-91AA-0EDE57ED4361}.Release|iPhone.Build.0 = Release|iPhone
		{60E8D330-8025-44EA-91AA-0EDE57ED4361}.Release|iPhone.Deploy.0 = Release|iPhone
		{60E8D330-8025-44EA-91AA-0EDE57ED4361}.Release|iPhoneSimulator.ActiveCfg = Release|iPhoneSimulator
		{60E8D330-8025-44EA-91AA-0EDE57ED4361}.Release|iPhoneSimulator.Build.0 = Release|iPhoneSimulator
		{60E8D330-8025-44EA-91AA-0EDE57ED4361}.Release|iPhoneSimulator.Deploy.0 = Release|iPhoneSimulator
		{77FF62BD-F19C-4FAF-84F7-3871E56C89F3}.Debug|Any CPU.ActiveCfg = Debug|Any CPU
		{77FF62BD-F19C-4FAF-84F7-3871E56C89F3}.Debug|Any CPU.Build.0 = Debug|Any CPU
		{77FF62BD-F19C-4FAF-84F7-3871E56C89F3}.Debug|Any CPU.Deploy.0 = Debug|Any CPU
		{77FF62BD-F19C-4FAF-84F7-3871E56C89F3}.Debug|iPhone.ActiveCfg = Debug|Any CPU
		{77FF62BD-F19C-4FAF-84F7-3871E56C89F3}.Debug|iPhone.Build.0 = Debug|Any CPU
		{77FF62BD-F19C-4FAF-84F7-3871E56C89F3}.Debug|iPhone.Deploy.0 = Debug|Any CPU
		{77FF62BD-F19C-4FAF-84F7-3871E56C89F3}.Debug|iPhoneSimulator.ActiveCfg = Debug|Any CPU
		{77FF62BD-F19C-4FAF-84F7-3871E56C89F3}.Debug|iPhoneSimulator.Build.0 = Debug|Any CPU
		{77FF62BD-F19C-4FAF-84F7-3871E56C89F3}.Debug|iPhoneSimulator.Deploy.0 = Debug|Any CPU
		{77FF62BD-F19C-4FAF-84F7-3871E56C89F3}.Release|Any CPU.ActiveCfg = Release|Any CPU
		{77FF62BD-F19C-4FAF-84F7-3871E56C89F3}.Release|Any CPU.Build.0 = Release|Any CPU
		{77FF62BD-F19C-4FAF-84F7-3871E56C89F3}.Release|Any CPU.Deploy.0 = Release|Any CPU
		{77FF62BD-F19C-4FAF-84F7-3871E56C89F3}.Release|iPhone.ActiveCfg = Release|Any CPU
		{77FF62BD-F19C-4FAF-84F7-3871E56C89F3}.Release|iPhone.Build.0 = Release|Any CPU
		{77FF62BD-F19C-4FAF-84F7-3871E56C89F3}.Release|iPhone.Deploy.0 = Release|Any CPU
		{77FF62BD-F19C-4FAF-84F7-3871E56C89F3}.Release|iPhoneSimulator.ActiveCfg = Release|Any CPU
		{77FF62BD-F19C-4FAF-84F7-3871E56C89F3}.Release|iPhoneSimulator.Build.0 = Release|Any CPU
		{77FF62BD-F19C-4FAF-84F7-3871E56C89F3}.Release|iPhoneSimulator.Deploy.0 = Release|Any CPU
	EndGlobalSection
	GlobalSection(SolutionProperties) = preSolution
		HideSolutionNode = FALSE
	EndGlobalSection
	GlobalSection(ExtensibilityGlobals) = postSolution
		SolutionGuid = {E1144DBF-2032-4556-9C79-312CF04CCCF2}
	EndGlobalSection
EndGlobal
